// !$*UTF8*$!
{
	archiveVersion = 1;
	classes = {
	};
	objectVersion = 48;
	objects = {

/* Begin PBXBuildFile section */
		2BBD43F944A5B657EE6E328D /* Pods_Wenshi.framework in Frameworks */ = {isa = PBXBuildFile; fileRef = 0FA828DE4A20743556E623B0 /* Pods_Wenshi.framework */; };
		C10922232037930400AA22CD /* PaymentTableViewController.swift in Sources */ = {isa = PBXBuildFile; fileRef = C10922222037930400AA22CD /* PaymentTableViewController.swift */; };
		C10922252037E74F00AA22CD /* DismissSegue.swift in Sources */ = {isa = PBXBuildFile; fileRef = C10922242037E74F00AA22CD /* DismissSegue.swift */; };
		C10922272037F12000AA22CD /* CLLocationCoordinate2D+LatitudeAndLongitude.swift in Sources */ = {isa = PBXBuildFile; fileRef = C10922262037F12000AA22CD /* CLLocationCoordinate2D+LatitudeAndLongitude.swift */; };
		C10922292037FEEB00AA22CD /* RequestViewController.swift in Sources */ = {isa = PBXBuildFile; fileRef = C10922282037FEEB00AA22CD /* RequestViewController.swift */; };
		C109222B2038067E00AA22CD /* AcceptedViewController.swift in Sources */ = {isa = PBXBuildFile; fileRef = C109222A2038067E00AA22CD /* AcceptedViewController.swift */; };
		C109222D2038176400AA22CD /* Constants.swift in Sources */ = {isa = PBXBuildFile; fileRef = C109222C2038176400AA22CD /* Constants.swift */; };
		C131524020373EF600A8460E /* AcceptSDK.framework in Frameworks */ = {isa = PBXBuildFile; fileRef = C131523A2037375400A8460E /* AcceptSDK.framework */; };
		C131524120373EF600A8460E /* AcceptSDK.framework in Embed Frameworks */ = {isa = PBXBuildFile; fileRef = C131523A2037375400A8460E /* AcceptSDK.framework */; settings = {ATTRIBUTES = (CodeSignOnCopy, RemoveHeadersOnCopy, ); }; };
		C131524420375B1C00A8460E /* PayMobApi.swift in Sources */ = {isa = PBXBuildFile; fileRef = C131524320375B1C00A8460E /* PayMobApi.swift */; };
		C19E60932034F523002C0E0C /* AppDelegate.swift in Sources */ = {isa = PBXBuildFile; fileRef = C19E60922034F523002C0E0C /* AppDelegate.swift */; };
		C19E60952034F523002C0E0C /* MainNavigationController.swift in Sources */ = {isa = PBXBuildFile; fileRef = C19E60942034F523002C0E0C /* MainNavigationController.swift */; };
		C19E60982034F523002C0E0C /* Main.storyboard in Resources */ = {isa = PBXBuildFile; fileRef = C19E60962034F523002C0E0C /* Main.storyboard */; };
		C19E609A2034F523002C0E0C /* Assets.xcassets in Resources */ = {isa = PBXBuildFile; fileRef = C19E60992034F523002C0E0C /* Assets.xcassets */; };
		C19E609D2034F523002C0E0C /* LaunchScreen.storyboard in Resources */ = {isa = PBXBuildFile; fileRef = C19E609B2034F523002C0E0C /* LaunchScreen.storyboard */; };
		C19E60A72034F7DF002C0E0C /* GoogleService-Info.plist in Resources */ = {isa = PBXBuildFile; fileRef = C19E60A62034F7DF002C0E0C /* GoogleService-Info.plist */; };
		C19E60DC2034FD71002C0E0C /* ResetViewController.swift in Sources */ = {isa = PBXBuildFile; fileRef = C19E60D92034FD71002C0E0C /* ResetViewController.swift */; };
		C19E60DD2034FD71002C0E0C /* RegisterViewController.swift in Sources */ = {isa = PBXBuildFile; fileRef = C19E60DA2034FD71002C0E0C /* RegisterViewController.swift */; };
		C19E60DE2034FD71002C0E0C /* LoginViewController.swift in Sources */ = {isa = PBXBuildFile; fileRef = C19E60DB2034FD71002C0E0C /* LoginViewController.swift */; };
		C19E60E22034FD7E002C0E0C /* ConfirmViewController.swift in Sources */ = {isa = PBXBuildFile; fileRef = C19E60DF2034FD7E002C0E0C /* ConfirmViewController.swift */; };
		C19E60E32034FD7E002C0E0C /* PickUpViewController.swift in Sources */ = {isa = PBXBuildFile; fileRef = C19E60E02034FD7E002C0E0C /* PickUpViewController.swift */; };
		C19E60E42034FD7E002C0E0C /* DropOffViewController.swift in Sources */ = {isa = PBXBuildFile; fileRef = C19E60E12034FD7E002C0E0C /* DropOffViewController.swift */; };
		C19E60E62034FD85002C0E0C /* DriverViewController.swift in Sources */ = {isa = PBXBuildFile; fileRef = C19E60E52034FD85002C0E0C /* DriverViewController.swift */; };
		C19E60E92034FD8E002C0E0C /* SettingsViewController.swift in Sources */ = {isa = PBXBuildFile; fileRef = C19E60E72034FD8E002C0E0C /* SettingsViewController.swift */; };
		C19E60EA2034FD8E002C0E0C /* SideMenuTableViewController.swift in Sources */ = {isa = PBXBuildFile; fileRef = C19E60E82034FD8E002C0E0C /* SideMenuTableViewController.swift */; };
		C19E60EE2034FD97002C0E0C /* Utils.swift in Sources */ = {isa = PBXBuildFile; fileRef = C19E60EB2034FD97002C0E0C /* Utils.swift */; };
		C19E60EF2034FD97002C0E0C /* Helpers.swift in Sources */ = {isa = PBXBuildFile; fileRef = C19E60EC2034FD97002C0E0C /* Helpers.swift */; };
		C19E60F02034FD97002C0E0C /* CLPlacemark+CompactAddress.swift in Sources */ = {isa = PBXBuildFile; fileRef = C19E60ED2034FD97002C0E0C /* CLPlacemark+CompactAddress.swift */; };
		C1E6F78620356B0200B870EA /* MapKit.framework in Frameworks */ = {isa = PBXBuildFile; fileRef = C1E6F78520356B0200B870EA /* MapKit.framework */; };
		C1E6F78A20362B3000B870EA /* CodeViewController.swift in Sources */ = {isa = PBXBuildFile; fileRef = C1E6F78920362B3000B870EA /* CodeViewController.swift */; };
/* End PBXBuildFile section */

/* Begin PBXCopyFilesBuildPhase section */
		C131524220373EF600A8460E /* Embed Frameworks */ = {
			isa = PBXCopyFilesBuildPhase;
			buildActionMask = 2147483647;
			dstPath = "";
			dstSubfolderSpec = 10;
			files = (
				C131524120373EF600A8460E /* AcceptSDK.framework in Embed Frameworks */,
			);
			name = "Embed Frameworks";
			runOnlyForDeploymentPostprocessing = 0;
		};
/* End PBXCopyFilesBuildPhase section */

/* Begin PBXFileReference section */
		0F0A86D82575CB7AEA065995 /* Pods-Wenshi.debug.xcconfig */ = {isa = PBXFileReference; includeInIndex = 1; lastKnownFileType = text.xcconfig; name = "Pods-Wenshi.debug.xcconfig"; path = "Pods/Target Support Files/Pods-Wenshi/Pods-Wenshi.debug.xcconfig"; sourceTree = "<group>"; };
		0FA828DE4A20743556E623B0 /* Pods_Wenshi.framework */ = {isa = PBXFileReference; explicitFileType = wrapper.framework; includeInIndex = 0; path = Pods_Wenshi.framework; sourceTree = BUILT_PRODUCTS_DIR; };
		A3B39E09B7429943BE3AAC31 /* Pods-Wenshi.release.xcconfig */ = {isa = PBXFileReference; includeInIndex = 1; lastKnownFileType = text.xcconfig; name = "Pods-Wenshi.release.xcconfig"; path = "Pods/Target Support Files/Pods-Wenshi/Pods-Wenshi.release.xcconfig"; sourceTree = "<group>"; };
		C10922222037930400AA22CD /* PaymentTableViewController.swift */ = {isa = PBXFileReference; lastKnownFileType = sourcecode.swift; path = PaymentTableViewController.swift; sourceTree = "<group>"; };
		C10922242037E74F00AA22CD /* DismissSegue.swift */ = {isa = PBXFileReference; lastKnownFileType = sourcecode.swift; path = DismissSegue.swift; sourceTree = "<group>"; };
		C10922262037F12000AA22CD /* CLLocationCoordinate2D+LatitudeAndLongitude.swift */ = {isa = PBXFileReference; lastKnownFileType = sourcecode.swift; path = "CLLocationCoordinate2D+LatitudeAndLongitude.swift"; sourceTree = "<group>"; };
		C10922282037FEEB00AA22CD /* RequestViewController.swift */ = {isa = PBXFileReference; lastKnownFileType = sourcecode.swift; path = RequestViewController.swift; sourceTree = "<group>"; };
		C109222A2038067E00AA22CD /* AcceptedViewController.swift */ = {isa = PBXFileReference; lastKnownFileType = sourcecode.swift; path = AcceptedViewController.swift; sourceTree = "<group>"; };
		C109222C2038176400AA22CD /* Constants.swift */ = {isa = PBXFileReference; lastKnownFileType = sourcecode.swift; path = Constants.swift; sourceTree = "<group>"; };
		C13152332036AE6300A8460E /* Wenshi.release.xcconfig */ = {isa = PBXFileReference; lastKnownFileType = text.xcconfig; path = Wenshi.release.xcconfig; sourceTree = SOURCE_ROOT; };
		C13152342036AE9500A8460E /* Wenshi.debug.xcconfig */ = {isa = PBXFileReference; fileEncoding = 4; lastKnownFileType = text.xcconfig; path = Wenshi.debug.xcconfig; sourceTree = SOURCE_ROOT; };
		C131523A2037375400A8460E /* AcceptSDK.framework */ = {isa = PBXFileReference; lastKnownFileType = wrapper.framework; name = AcceptSDK.framework; path = Frameworks/AcceptSDK.framework; sourceTree = "<group>"; };
		C131524320375B1C00A8460E /* PayMobApi.swift */ = {isa = PBXFileReference; lastKnownFileType = sourcecode.swift; path = PayMobApi.swift; sourceTree = "<group>"; };
		C19E608F2034F523002C0E0C /* Wenshi.app */ = {isa = PBXFileReference; explicitFileType = wrapper.application; includeInIndex = 0; path = Wenshi.app; sourceTree = BUILT_PRODUCTS_DIR; };
		C19E60922034F523002C0E0C /* AppDelegate.swift */ = {isa = PBXFileReference; lastKnownFileType = sourcecode.swift; path = AppDelegate.swift; sourceTree = "<group>"; };
		C19E60942034F523002C0E0C /* MainNavigationController.swift */ = {isa = PBXFileReference; lastKnownFileType = sourcecode.swift; path = MainNavigationController.swift; sourceTree = "<group>"; };
		C19E60972034F523002C0E0C /* Base */ = {isa = PBXFileReference; lastKnownFileType = file.storyboard; name = Base; path = Base.lproj/Main.storyboard; sourceTree = "<group>"; };
		C19E60992034F523002C0E0C /* Assets.xcassets */ = {isa = PBXFileReference; lastKnownFileType = folder.assetcatalog; path = Assets.xcassets; sourceTree = "<group>"; };
		C19E609C2034F523002C0E0C /* Base */ = {isa = PBXFileReference; lastKnownFileType = file.storyboard; name = Base; path = Base.lproj/LaunchScreen.storyboard; sourceTree = "<group>"; };
		C19E609E2034F523002C0E0C /* Info.plist */ = {isa = PBXFileReference; lastKnownFileType = text.plist.xml; path = Info.plist; sourceTree = "<group>"; };
		C19E60A62034F7DF002C0E0C /* GoogleService-Info.plist */ = {isa = PBXFileReference; fileEncoding = 4; lastKnownFileType = text.plist.xml; path = "GoogleService-Info.plist"; sourceTree = "<group>"; };
		C19E60D92034FD71002C0E0C /* ResetViewController.swift */ = {isa = PBXFileReference; fileEncoding = 4; lastKnownFileType = sourcecode.swift; path = ResetViewController.swift; sourceTree = "<group>"; };
		C19E60DA2034FD71002C0E0C /* RegisterViewController.swift */ = {isa = PBXFileReference; fileEncoding = 4; lastKnownFileType = sourcecode.swift; path = RegisterViewController.swift; sourceTree = "<group>"; };
		C19E60DB2034FD71002C0E0C /* LoginViewController.swift */ = {isa = PBXFileReference; fileEncoding = 4; lastKnownFileType = sourcecode.swift; path = LoginViewController.swift; sourceTree = "<group>"; };
		C19E60DF2034FD7E002C0E0C /* ConfirmViewController.swift */ = {isa = PBXFileReference; fileEncoding = 4; lastKnownFileType = sourcecode.swift; path = ConfirmViewController.swift; sourceTree = "<group>"; };
		C19E60E02034FD7E002C0E0C /* PickUpViewController.swift */ = {isa = PBXFileReference; fileEncoding = 4; lastKnownFileType = sourcecode.swift; path = PickUpViewController.swift; sourceTree = "<group>"; };
		C19E60E12034FD7E002C0E0C /* DropOffViewController.swift */ = {isa = PBXFileReference; fileEncoding = 4; lastKnownFileType = sourcecode.swift; path = DropOffViewController.swift; sourceTree = "<group>"; };
		C19E60E52034FD85002C0E0C /* DriverViewController.swift */ = {isa = PBXFileReference; fileEncoding = 4; lastKnownFileType = sourcecode.swift; path = DriverViewController.swift; sourceTree = "<group>"; };
		C19E60E72034FD8E002C0E0C /* SettingsViewController.swift */ = {isa = PBXFileReference; fileEncoding = 4; lastKnownFileType = sourcecode.swift; path = SettingsViewController.swift; sourceTree = "<group>"; };
		C19E60E82034FD8E002C0E0C /* SideMenuTableViewController.swift */ = {isa = PBXFileReference; fileEncoding = 4; lastKnownFileType = sourcecode.swift; path = SideMenuTableViewController.swift; sourceTree = "<group>"; };
		C19E60EB2034FD97002C0E0C /* Utils.swift */ = {isa = PBXFileReference; fileEncoding = 4; lastKnownFileType = sourcecode.swift; path = Utils.swift; sourceTree = "<group>"; };
		C19E60EC2034FD97002C0E0C /* Helpers.swift */ = {isa = PBXFileReference; fileEncoding = 4; lastKnownFileType = sourcecode.swift; path = Helpers.swift; sourceTree = "<group>"; };
		C19E60ED2034FD97002C0E0C /* CLPlacemark+CompactAddress.swift */ = {isa = PBXFileReference; fileEncoding = 4; lastKnownFileType = sourcecode.swift; path = "CLPlacemark+CompactAddress.swift"; sourceTree = "<group>"; };
		C1E6F78520356B0200B870EA /* MapKit.framework */ = {isa = PBXFileReference; lastKnownFileType = wrapper.framework; name = MapKit.framework; path = System/Library/Frameworks/MapKit.framework; sourceTree = SDKROOT; };
		C1E6F78920362B3000B870EA /* CodeViewController.swift */ = {isa = PBXFileReference; lastKnownFileType = sourcecode.swift; path = CodeViewController.swift; sourceTree = "<group>"; };
/* End PBXFileReference section */

/* Begin PBXFrameworksBuildPhase section */
		C19E608C2034F523002C0E0C /* Frameworks */ = {
			isa = PBXFrameworksBuildPhase;
			buildActionMask = 2147483647;
			files = (
				C1E6F78620356B0200B870EA /* MapKit.framework in Frameworks */,
				C131524020373EF600A8460E /* AcceptSDK.framework in Frameworks */,
				2BBD43F944A5B657EE6E328D /* Pods_Wenshi.framework in Frameworks */,
			);
			runOnlyForDeploymentPostprocessing = 0;
		};
/* End PBXFrameworksBuildPhase section */

/* Begin PBXGroup section */
		C0DDEEB569FA862D4304A0BE /* Frameworks */ = {
			isa = PBXGroup;
			children = (
				C131523A2037375400A8460E /* AcceptSDK.framework */,
				C1E6F78520356B0200B870EA /* MapKit.framework */,
				0FA828DE4A20743556E623B0 /* Pods_Wenshi.framework */,
			);
			name = Frameworks;
			sourceTree = "<group>";
		};
		C1092221203792C200AA22CD /* Payment */ = {
			isa = PBXGroup;
			children = (
				C10922222037930400AA22CD /* PaymentTableViewController.swift */,
			);
			name = Payment;
			sourceTree = "<group>";
		};
		C19E60862034F523002C0E0C = {
			isa = PBXGroup;
			children = (
				C19E60912034F523002C0E0C /* Wenshi */,
				C19E60902034F523002C0E0C /* Products */,
				CD7E8D1A4DDA1FB683AB2033 /* Pods */,
				C0DDEEB569FA862D4304A0BE /* Frameworks */,
			);
			sourceTree = "<group>";
		};
		C19E60902034F523002C0E0C /* Products */ = {
			isa = PBXGroup;
			children = (
				C19E608F2034F523002C0E0C /* Wenshi.app */,
			);
			name = Products;
			sourceTree = "<group>";
		};
		C19E60912034F523002C0E0C /* Wenshi */ = {
			isa = PBXGroup;
			children = (
				C19E60A52034F7C7002C0E0C /* --- */,
				C19E60962034F523002C0E0C /* Main.storyboard */,
				C19E60942034F523002C0E0C /* MainNavigationController.swift */,
				C19E60E82034FD8E002C0E0C /* SideMenuTableViewController.swift */,
				C19E60D52034FD0E002C0E0C /* Auth */,
				C19E60D32034FD00002C0E0C /* Rider */,
				C19E60D62034FD17002C0E0C /* Driver */,
				C1092221203792C200AA22CD /* Payment */,
				C19E60D72034FD28002C0E0C /* Settings */,
				C19E60D82034FD32002C0E0C /* Shared */,
			);
			path = Wenshi;
			sourceTree = "<group>";
		};
		C19E60A52034F7C7002C0E0C /* --- */ = {
			isa = PBXGroup;
			children = (
				C19E60992034F523002C0E0C /* Assets.xcassets */,
				C19E609B2034F523002C0E0C /* LaunchScreen.storyboard */,
				C19E60922034F523002C0E0C /* AppDelegate.swift */,
				C19E609E2034F523002C0E0C /* Info.plist */,
				C19E60A62034F7DF002C0E0C /* GoogleService-Info.plist */,
				C13152342036AE9500A8460E /* Wenshi.debug.xcconfig */,
				C13152332036AE6300A8460E /* Wenshi.release.xcconfig */,
			);
			name = "---";
			sourceTree = "<group>";
		};
		C19E60D32034FD00002C0E0C /* Rider */ = {
			isa = PBXGroup;
			children = (
				C19E60E02034FD7E002C0E0C /* PickUpViewController.swift */,
				C19E60E12034FD7E002C0E0C /* DropOffViewController.swift */,
				C19E60DF2034FD7E002C0E0C /* ConfirmViewController.swift */,
				C10922282037FEEB00AA22CD /* RequestViewController.swift */,
				C109222A2038067E00AA22CD /* AcceptedViewController.swift */,
			);
			name = Rider;
			sourceTree = "<group>";
		};
		C19E60D52034FD0E002C0E0C /* Auth */ = {
			isa = PBXGroup;
			children = (
				C19E60DB2034FD71002C0E0C /* LoginViewController.swift */,
				C19E60DA2034FD71002C0E0C /* RegisterViewController.swift */,
				C1E6F78920362B3000B870EA /* CodeViewController.swift */,
				C19E60D92034FD71002C0E0C /* ResetViewController.swift */,
			);
			name = Auth;
			sourceTree = "<group>";
		};
		C19E60D62034FD17002C0E0C /* Driver */ = {
			isa = PBXGroup;
			children = (
				C19E60E52034FD85002C0E0C /* DriverViewController.swift */,
			);
			name = Driver;
			sourceTree = "<group>";
		};
		C19E60D72034FD28002C0E0C /* Settings */ = {
			isa = PBXGroup;
			children = (
				C19E60E72034FD8E002C0E0C /* SettingsViewController.swift */,
			);
			name = Settings;
			sourceTree = "<group>";
		};
		C19E60D82034FD32002C0E0C /* Shared */ = {
			isa = PBXGroup;
			children = (
				C19E60EC2034FD97002C0E0C /* Helpers.swift */,
				C19E60EB2034FD97002C0E0C /* Utils.swift */,
				C19E60ED2034FD97002C0E0C /* CLPlacemark+CompactAddress.swift */,
				C131524320375B1C00A8460E /* PayMobApi.swift */,
				C10922242037E74F00AA22CD /* DismissSegue.swift */,
				C10922262037F12000AA22CD /* CLLocationCoordinate2D+LatitudeAndLongitude.swift */,
				C109222C2038176400AA22CD /* Constants.swift */,
			);
			name = Shared;
			sourceTree = "<group>";
		};
		CD7E8D1A4DDA1FB683AB2033 /* Pods */ = {
			isa = PBXGroup;
			children = (
				0F0A86D82575CB7AEA065995 /* Pods-Wenshi.debug.xcconfig */,
				A3B39E09B7429943BE3AAC31 /* Pods-Wenshi.release.xcconfig */,
			);
			name = Pods;
			sourceTree = "<group>";
		};
/* End PBXGroup section */

/* Begin PBXNativeTarget section */
		C19E608E2034F523002C0E0C /* Wenshi */ = {
			isa = PBXNativeTarget;
			buildConfigurationList = C19E60A12034F523002C0E0C /* Build configuration list for PBXNativeTarget "Wenshi" */;
			buildPhases = (
				63958905028E911B474DEA4D /* [CP] Check Pods Manifest.lock */,
				C19E608B2034F523002C0E0C /* Sources */,
				C19E608C2034F523002C0E0C /* Frameworks */,
				C19E608D2034F523002C0E0C /* Resources */,
				79BD270CAAD5026F8EE8EB4F /* [CP] Embed Pods Frameworks */,
				E2E91EC25DBC63AF3F12FA85 /* [CP] Copy Pods Resources */,
				C131524220373EF600A8460E /* Embed Frameworks */,
			);
			buildRules = (
			);
			dependencies = (
			);
			name = Wenshi;
			productName = Wenshi;
			productReference = C19E608F2034F523002C0E0C /* Wenshi.app */;
			productType = "com.apple.product-type.application";
		};
/* End PBXNativeTarget section */

/* Begin PBXProject section */
		C19E60872034F523002C0E0C /* Project object */ = {
			isa = PBXProject;
			attributes = {
				LastSwiftUpdateCheck = 0920;
				LastUpgradeCheck = 0920;
				ORGANIZATIONNAME = "RaMin0 Development";
				TargetAttributes = {
					C19E608E2034F523002C0E0C = {
						CreatedOnToolsVersion = 9.2;
						ProvisioningStyle = Automatic;
						SystemCapabilities = {
							com.apple.Maps.iOS = {
								enabled = 1;
							};
						};
					};
				};
			};
			buildConfigurationList = C19E608A2034F523002C0E0C /* Build configuration list for PBXProject "Wenshi" */;
			compatibilityVersion = "Xcode 8.0";
			developmentRegion = en;
			hasScannedForEncodings = 0;
			knownRegions = (
				en,
				Base,
			);
			mainGroup = C19E60862034F523002C0E0C;
			productRefGroup = C19E60902034F523002C0E0C /* Products */;
			projectDirPath = "";
			projectRoot = "";
			targets = (
				C19E608E2034F523002C0E0C /* Wenshi */,
			);
		};
/* End PBXProject section */

/* Begin PBXResourcesBuildPhase section */
		C19E608D2034F523002C0E0C /* Resources */ = {
			isa = PBXResourcesBuildPhase;
			buildActionMask = 2147483647;
			files = (
				C19E609D2034F523002C0E0C /* LaunchScreen.storyboard in Resources */,
				C19E60A72034F7DF002C0E0C /* GoogleService-Info.plist in Resources */,
				C19E609A2034F523002C0E0C /* Assets.xcassets in Resources */,
				C19E60982034F523002C0E0C /* Main.storyboard in Resources */,
			);
			runOnlyForDeploymentPostprocessing = 0;
		};
/* End PBXResourcesBuildPhase section */

/* Begin PBXShellScriptBuildPhase section */
		63958905028E911B474DEA4D /* [CP] Check Pods Manifest.lock */ = {
			isa = PBXShellScriptBuildPhase;
			buildActionMask = 2147483647;
			files = (
			);
			inputPaths = (
				"${PODS_PODFILE_DIR_PATH}/Podfile.lock",
				"${PODS_ROOT}/Manifest.lock",
			);
			name = "[CP] Check Pods Manifest.lock";
			outputPaths = (
				"$(DERIVED_FILE_DIR)/Pods-Wenshi-checkManifestLockResult.txt",
			);
			runOnlyForDeploymentPostprocessing = 0;
			shellPath = /bin/sh;
			shellScript = "diff \"${PODS_PODFILE_DIR_PATH}/Podfile.lock\" \"${PODS_ROOT}/Manifest.lock\" > /dev/null\nif [ $? != 0 ] ; then\n    # print error to STDERR\n    echo \"error: The sandbox is not in sync with the Podfile.lock. Run 'pod install' or update your CocoaPods installation.\" >&2\n    exit 1\nfi\n# This output is used by Xcode 'outputs' to avoid re-running this script phase.\necho \"SUCCESS\" > \"${SCRIPT_OUTPUT_FILE_0}\"\n";
			showEnvVarsInLog = 0;
		};
		79BD270CAAD5026F8EE8EB4F /* [CP] Embed Pods Frameworks */ = {
			isa = PBXShellScriptBuildPhase;
			buildActionMask = 2147483647;
			files = (
			);
			inputPaths = (
				"${SRCROOT}/Pods/Target Support Files/Pods-Wenshi/Pods-Wenshi-frameworks.sh",
				"${BUILT_PRODUCTS_DIR}/Bolts/Bolts.framework",
				"${BUILT_PRODUCTS_DIR}/FBSDKCoreKit/FBSDKCoreKit.framework",
				"${BUILT_PRODUCTS_DIR}/FBSDKLoginKit/FBSDKLoginKit.framework",
				"${BUILT_PRODUCTS_DIR}/FacebookCore/FacebookCore.framework",
				"${BUILT_PRODUCTS_DIR}/FacebookLogin/FacebookLogin.framework",
				"${BUILT_PRODUCTS_DIR}/GTMOAuth2/GTMOAuth2.framework",
				"${BUILT_PRODUCTS_DIR}/GTMSessionFetcher/GTMSessionFetcher.framework",
				"${BUILT_PRODUCTS_DIR}/GeoFire/GeoFire.framework",
				"${BUILT_PRODUCTS_DIR}/GoogleToolboxForMac/GoogleToolboxForMac.framework",
				"${BUILT_PRODUCTS_DIR}/IQKeyboardManagerSwift/IQKeyboardManagerSwift.framework",
				"${BUILT_PRODUCTS_DIR}/JSONRequest/JSONRequest.framework",
				"${BUILT_PRODUCTS_DIR}/PhoneNumberKit/PhoneNumberKit.framework",
				"${BUILT_PRODUCTS_DIR}/SideMenu/SideMenu.framework",
				"${BUILT_PRODUCTS_DIR}/leveldb-library/leveldb.framework",
				"${BUILT_PRODUCTS_DIR}/nanopb/nanopb.framework",
			);
			name = "[CP] Embed Pods Frameworks";
			outputPaths = (
				"${TARGET_BUILD_DIR}/${FRAMEWORKS_FOLDER_PATH}/Bolts.framework",
				"${TARGET_BUILD_DIR}/${FRAMEWORKS_FOLDER_PATH}/FBSDKCoreKit.framework",
				"${TARGET_BUILD_DIR}/${FRAMEWORKS_FOLDER_PATH}/FBSDKLoginKit.framework",
				"${TARGET_BUILD_DIR}/${FRAMEWORKS_FOLDER_PATH}/FacebookCore.framework",
				"${TARGET_BUILD_DIR}/${FRAMEWORKS_FOLDER_PATH}/FacebookLogin.framework",
				"${TARGET_BUILD_DIR}/${FRAMEWORKS_FOLDER_PATH}/GTMOAuth2.framework",
				"${TARGET_BUILD_DIR}/${FRAMEWORKS_FOLDER_PATH}/GTMSessionFetcher.framework",
				"${TARGET_BUILD_DIR}/${FRAMEWORKS_FOLDER_PATH}/GeoFire.framework",
				"${TARGET_BUILD_DIR}/${FRAMEWORKS_FOLDER_PATH}/GoogleToolboxForMac.framework",
				"${TARGET_BUILD_DIR}/${FRAMEWORKS_FOLDER_PATH}/IQKeyboardManagerSwift.framework",
				"${TARGET_BUILD_DIR}/${FRAMEWORKS_FOLDER_PATH}/JSONRequest.framework",
				"${TARGET_BUILD_DIR}/${FRAMEWORKS_FOLDER_PATH}/PhoneNumberKit.framework",
				"${TARGET_BUILD_DIR}/${FRAMEWORKS_FOLDER_PATH}/SideMenu.framework",
				"${TARGET_BUILD_DIR}/${FRAMEWORKS_FOLDER_PATH}/leveldb.framework",
				"${TARGET_BUILD_DIR}/${FRAMEWORKS_FOLDER_PATH}/nanopb.framework",
			);
			runOnlyForDeploymentPostprocessing = 0;
			shellPath = /bin/sh;
			shellScript = "\"${SRCROOT}/Pods/Target Support Files/Pods-Wenshi/Pods-Wenshi-frameworks.sh\"\n";
			showEnvVarsInLog = 0;
		};
		E2E91EC25DBC63AF3F12FA85 /* [CP] Copy Pods Resources */ = {
			isa = PBXShellScriptBuildPhase;
			buildActionMask = 2147483647;
			files = (
			);
			inputPaths = (
				"${SRCROOT}/Pods/Target Support Files/Pods-Wenshi/Pods-Wenshi-resources.sh",
				"${PODS_ROOT}/GoogleSignIn/Resources/GoogleSignIn.bundle",
			);
			name = "[CP] Copy Pods Resources";
			outputPaths = (
				"${TARGET_BUILD_DIR}/${UNLOCALIZED_RESOURCES_FOLDER_PATH}/GoogleSignIn.bundle",
			);
			runOnlyForDeploymentPostprocessing = 0;
			shellPath = /bin/sh;
			shellScript = "\"${SRCROOT}/Pods/Target Support Files/Pods-Wenshi/Pods-Wenshi-resources.sh\"\n";
			showEnvVarsInLog = 0;
		};
/* End PBXShellScriptBuildPhase section */

/* Begin PBXSourcesBuildPhase section */
		C19E608B2034F523002C0E0C /* Sources */ = {
			isa = PBXSourcesBuildPhase;
			buildActionMask = 2147483647;
			files = (
				C19E60E62034FD85002C0E0C /* DriverViewController.swift in Sources */,
				C109222D2038176400AA22CD /* Constants.swift in Sources */,
				C109222B2038067E00AA22CD /* AcceptedViewController.swift in Sources */,
				C19E60952034F523002C0E0C /* MainNavigationController.swift in Sources */,
				C10922292037FEEB00AA22CD /* RequestViewController.swift in Sources */,
				C19E60E32034FD7E002C0E0C /* PickUpViewController.swift in Sources */,
				C1E6F78A20362B3000B870EA /* CodeViewController.swift in Sources */,
				C131524420375B1C00A8460E /* PayMobApi.swift in Sources */,
				C19E60E92034FD8E002C0E0C /* SettingsViewController.swift in Sources */,
				C19E60F02034FD97002C0E0C /* CLPlacemark+CompactAddress.swift in Sources */,
				C10922232037930400AA22CD /* PaymentTableViewController.swift in Sources */,
				C19E60DC2034FD71002C0E0C /* ResetViewController.swift in Sources */,
				C19E60932034F523002C0E0C /* AppDelegate.swift in Sources */,
				C19E60E22034FD7E002C0E0C /* ConfirmViewController.swift in Sources */,
				C10922272037F12000AA22CD /* CLLocationCoordinate2D+LatitudeAndLongitude.swift in Sources */,
				C19E60E42034FD7E002C0E0C /* DropOffViewController.swift in Sources */,
				C19E60DE2034FD71002C0E0C /* LoginViewController.swift in Sources */,
				C19E60DD2034FD71002C0E0C /* RegisterViewController.swift in Sources */,
				C19E60EF2034FD97002C0E0C /* Helpers.swift in Sources */,
				C19E60EA2034FD8E002C0E0C /* SideMenuTableViewController.swift in Sources */,
				C10922252037E74F00AA22CD /* DismissSegue.swift in Sources */,
				C19E60EE2034FD97002C0E0C /* Utils.swift in Sources */,
			);
			runOnlyForDeploymentPostprocessing = 0;
		};
/* End PBXSourcesBuildPhase section */

/* Begin PBXVariantGroup section */
		C19E60962034F523002C0E0C /* Main.storyboard */ = {
			isa = PBXVariantGroup;
			children = (
				C19E60972034F523002C0E0C /* Base */,
			);
			name = Main.storyboard;
			sourceTree = "<group>";
		};
		C19E609B2034F523002C0E0C /* LaunchScreen.storyboard */ = {
			isa = PBXVariantGroup;
			children = (
				C19E609C2034F523002C0E0C /* Base */,
			);
			name = LaunchScreen.storyboard;
			sourceTree = "<group>";
		};
/* End PBXVariantGroup section */

/* Begin XCBuildConfiguration section */
		C19E609F2034F523002C0E0C /* Debug */ = {
			isa = XCBuildConfiguration;
			buildSettings = {
				ALWAYS_SEARCH_USER_PATHS = NO;
				CLANG_ANALYZER_NONNULL = YES;
				CLANG_ANALYZER_NUMBER_OBJECT_CONVERSION = YES_AGGRESSIVE;
				CLANG_CXX_LANGUAGE_STANDARD = "gnu++14";
				CLANG_CXX_LIBRARY = "libc++";
				CLANG_ENABLE_MODULES = YES;
				CLANG_ENABLE_OBJC_ARC = YES;
				CLANG_WARN_BLOCK_CAPTURE_AUTORELEASING = YES;
				CLANG_WARN_BOOL_CONVERSION = YES;
				CLANG_WARN_COMMA = YES;
				CLANG_WARN_CONSTANT_CONVERSION = YES;
				CLANG_WARN_DIRECT_OBJC_ISA_USAGE = YES_ERROR;
				CLANG_WARN_DOCUMENTATION_COMMENTS = YES;
				CLANG_WARN_EMPTY_BODY = YES;
				CLANG_WARN_ENUM_CONVERSION = YES;
				CLANG_WARN_INFINITE_RECURSION = YES;
				CLANG_WARN_INT_CONVERSION = YES;
				CLANG_WARN_NON_LITERAL_NULL_CONVERSION = YES;
				CLANG_WARN_OBJC_LITERAL_CONVERSION = YES;
				CLANG_WARN_OBJC_ROOT_CLASS = YES_ERROR;
				CLANG_WARN_RANGE_LOOP_ANALYSIS = YES;
				CLANG_WARN_STRICT_PROTOTYPES = YES;
				CLANG_WARN_SUSPICIOUS_MOVE = YES;
				CLANG_WARN_UNGUARDED_AVAILABILITY = YES_AGGRESSIVE;
				CLANG_WARN_UNREACHABLE_CODE = YES;
				CLANG_WARN__DUPLICATE_METHOD_MATCH = YES;
				CODE_SIGN_IDENTITY = "iPhone Developer";
				COPY_PHASE_STRIP = NO;
				DEBUG_INFORMATION_FORMAT = dwarf;
				ENABLE_STRICT_OBJC_MSGSEND = YES;
				ENABLE_TESTABILITY = YES;
				GCC_C_LANGUAGE_STANDARD = gnu11;
				GCC_DYNAMIC_NO_PIC = NO;
				GCC_NO_COMMON_BLOCKS = YES;
				GCC_OPTIMIZATION_LEVEL = 0;
				GCC_PREPROCESSOR_DEFINITIONS = (
					"DEBUG=1",
					"$(inherited)",
				);
				GCC_WARN_64_TO_32_BIT_CONVERSION = YES;
				GCC_WARN_ABOUT_RETURN_TYPE = YES_ERROR;
				GCC_WARN_UNDECLARED_SELECTOR = YES;
				GCC_WARN_UNINITIALIZED_AUTOS = YES_AGGRESSIVE;
				GCC_WARN_UNUSED_FUNCTION = YES;
				GCC_WARN_UNUSED_VARIABLE = YES;
				IPHONEOS_DEPLOYMENT_TARGET = 8.0;
				MTL_ENABLE_DEBUG_INFO = YES;
				ONLY_ACTIVE_ARCH = YES;
				SDKROOT = iphoneos;
				SWIFT_ACTIVE_COMPILATION_CONDITIONS = DEBUG;
				SWIFT_OPTIMIZATION_LEVEL = "-Onone";
			};
			name = Debug;
		};
		C19E60A02034F523002C0E0C /* Release */ = {
			isa = XCBuildConfiguration;
			buildSettings = {
				ALWAYS_SEARCH_USER_PATHS = NO;
				CLANG_ANALYZER_NONNULL = YES;
				CLANG_ANALYZER_NUMBER_OBJECT_CONVERSION = YES_AGGRESSIVE;
				CLANG_CXX_LANGUAGE_STANDARD = "gnu++14";
				CLANG_CXX_LIBRARY = "libc++";
				CLANG_ENABLE_MODULES = YES;
				CLANG_ENABLE_OBJC_ARC = YES;
				CLANG_WARN_BLOCK_CAPTURE_AUTORELEASING = YES;
				CLANG_WARN_BOOL_CONVERSION = YES;
				CLANG_WARN_COMMA = YES;
				CLANG_WARN_CONSTANT_CONVERSION = YES;
				CLANG_WARN_DIRECT_OBJC_ISA_USAGE = YES_ERROR;
				CLANG_WARN_DOCUMENTATION_COMMENTS = YES;
				CLANG_WARN_EMPTY_BODY = YES;
				CLANG_WARN_ENUM_CONVERSION = YES;
				CLANG_WARN_INFINITE_RECURSION = YES;
				CLANG_WARN_INT_CONVERSION = YES;
				CLANG_WARN_NON_LITERAL_NULL_CONVERSION = YES;
				CLANG_WARN_OBJC_LITERAL_CONVERSION = YES;
				CLANG_WARN_OBJC_ROOT_CLASS = YES_ERROR;
				CLANG_WARN_RANGE_LOOP_ANALYSIS = YES;
				CLANG_WARN_STRICT_PROTOTYPES = YES;
				CLANG_WARN_SUSPICIOUS_MOVE = YES;
				CLANG_WARN_UNGUARDED_AVAILABILITY = YES_AGGRESSIVE;
				CLANG_WARN_UNREACHABLE_CODE = YES;
				CLANG_WARN__DUPLICATE_METHOD_MATCH = YES;
				CODE_SIGN_IDENTITY = "iPhone Developer";
				COPY_PHASE_STRIP = NO;
				DEBUG_INFORMATION_FORMAT = "dwarf-with-dsym";
				ENABLE_NS_ASSERTIONS = NO;
				ENABLE_STRICT_OBJC_MSGSEND = YES;
				GCC_C_LANGUAGE_STANDARD = gnu11;
				GCC_NO_COMMON_BLOCKS = YES;
				GCC_WARN_64_TO_32_BIT_CONVERSION = YES;
				GCC_WARN_ABOUT_RETURN_TYPE = YES_ERROR;
				GCC_WARN_UNDECLARED_SELECTOR = YES;
				GCC_WARN_UNINITIALIZED_AUTOS = YES_AGGRESSIVE;
				GCC_WARN_UNUSED_FUNCTION = YES;
				GCC_WARN_UNUSED_VARIABLE = YES;
				IPHONEOS_DEPLOYMENT_TARGET = 8.0;
				MTL_ENABLE_DEBUG_INFO = NO;
				SDKROOT = iphoneos;
				SWIFT_OPTIMIZATION_LEVEL = "-Owholemodule";
				VALIDATE_PRODUCT = YES;
			};
			name = Release;
		};
		C19E60A22034F523002C0E0C /* Debug */ = {
			isa = XCBuildConfiguration;
			baseConfigurationReference = C13152342036AE9500A8460E /* Wenshi.debug.xcconfig */;
			buildSettings = {
				ASSETCATALOG_COMPILER_APPICON_NAME = AppIcon;
				CODE_SIGN_STYLE = Automatic;
				DEVELOPMENT_TEAM = VD5M8XYRZT;
				FRAMEWORK_SEARCH_PATHS = (
					"$(inherited)",
					"$(PROJECT_DIR)",
					"$(PROJECT_DIR)/Frameworks",
				);
				INFOPLIST_FILE = Wenshi/Info.plist;
				IPHONEOS_DEPLOYMENT_TARGET = 8.0;
				LD_RUNPATH_SEARCH_PATHS = "$(inherited) @executable_path/Frameworks";
				PRODUCT_BUNDLE_IDENTIFIER = app.Wenshi;
				PRODUCT_NAME = "$(TARGET_NAME)";
				SWIFT_VERSION = 4.0;
				TARGETED_DEVICE_FAMILY = 1;
			};
			name = Debug;
		};
		C19E60A32034F523002C0E0C /* Release */ = {
			isa = XCBuildConfiguration;
			baseConfigurationReference = C13152332036AE6300A8460E /* Wenshi.release.xcconfig */;
			buildSettings = {
				ASSETCATALOG_COMPILER_APPICON_NAME = AppIcon;
				CODE_SIGN_STYLE = Automatic;
				DEVELOPMENT_TEAM = VD5M8XYRZT;
				FRAMEWORK_SEARCH_PATHS = (
					"$(inherited)",
					"$(PROJECT_DIR)",
					"$(PROJECT_DIR)/Frameworks",
				);
				INFOPLIST_FILE = Wenshi/Info.plist;
				IPHONEOS_DEPLOYMENT_TARGET = 8.0;
				LD_RUNPATH_SEARCH_PATHS = "$(inherited) @executable_path/Frameworks";
				PRODUCT_BUNDLE_IDENTIFIER = app.Wenshi;
				PRODUCT_NAME = "$(TARGET_NAME)";
				SWIFT_VERSION = 4.0;
				TARGETED_DEVICE_FAMILY = 1;
			};
			name = Release;
		};
/* End XCBuildConfiguration section */

/* Begin XCConfigurationList section */
		C19E608A2034F523002C0E0C /* Build configuration list for PBXProject "Wenshi" */ = {
			isa = XCConfigurationList;
			buildConfigurations = (
				C19E609F2034F523002C0E0C /* Debug */,
				C19E60A02034F523002C0E0C /* Release */,
			);
			defaultConfigurationIsVisible = 0;
			defaultConfigurationName = Release;
		};
		C19E60A12034F523002C0E0C /* Build configuration list for PBXNativeTarget "Wenshi" */ = {
			isa = XCConfigurationList;
			buildConfigurations = (
				C19E60A22034F523002C0E0C /* Debug */,
				C19E60A32034F523002C0E0C /* Release */,
			);
			defaultConfigurationIsVisible = 0;
			defaultConfigurationName = Release;
		};
/* End XCConfigurationList section */
	};
	rootObject = C19E60872034F523002C0E0C /* Project object */;
}
